
Microsoft Visual Studio Solution File, Format Version 12.00
# Visual Studio Version 16
VisualStudioVersion = 16.0.31624.102
MinimumVisualStudioVersion = 10.0.40219.1
Project("{FAE04EC0-301F-11D3-BF4B-00C04F79EFBC}") = "Dz_4", "Dz_4\Dz_4.csproj", "{766E47BC-52F7-44D8-BABE-6402AB5596F6}"
EndProject
Global
	GlobalSection(SolutionConfigurationPlatforms) = preSolution
		Debug|Any CPU = Debug|Any CPU
		Release|Any CPU = Release|Any CPU
	EndGlobalSection
	GlobalSection(ProjectConfigurationPlatforms) = postSolution
		{766E47BC-52F7-44D8-BABE-6402AB5596F6}.Debug|Any CPU.ActiveCfg = Debug|Any CPU
		{766E47BC-52F7-44D8-BABE-6402AB5596F6}.Debug|Any CPU.Build.0 = Debug|Any CPU
		{766E47BC-52F7-44D8-BABE-6402AB5596F6}.Release|Any CPU.ActiveCfg = Release|Any CPU
		{766E47BC-52F7-44D8-BABE-6402AB5596F6}.Release|Any CPU.Build.0 = Release|Any CPU
	EndGlobalSection
	GlobalSection(SolutionProperties) = preSolution
		HideSolutionNode = FALSE
	EndGlobalSection
	GlobalSection(ExtensibilityGlobals) = postSolution
		SolutionGuid = {4249DBC9-A2AD-40CA-973B-8862C22A6E39}
	EndGlobalSection
EndGlobal
